
Microsoft Visual Studio Solution File, Format Version 12.00
# Visual Studio Version 16
VisualStudioVersion = 16.0.30621.155
MinimumVisualStudioVersion = 10.0.40219.1
Project("{FAE04EC0-301F-11D3-BF4B-00C04F79EFBC}") = "MacawTracker", "MacawTrackerPlugin\MacawTracker.csproj", "{88D8EBB0-95E5-4779-9CD5-401BBE5538E8}"
EndProject
Global
	GlobalSection(SolutionConfigurationPlatforms) = preSolution
		Debug|Any CPU = Debug|Any CPU
		Debug|x86 = Debug|x86
		Release|Any CPU = Release|Any CPU
		Release|x86 = Release|x86
	EndGlobalSection
	GlobalSection(ProjectConfigurationPlatforms) = postSolution
		{88D8EBB0-95E5-4779-9CD5-401BBE5538E8}.Debug|Any CPU.ActiveCfg = Debug|Any CPU
		{88D8EBB0-95E5-4779-9CD5-401BBE5538E8}.Debug|Any CPU.Build.0 = Debug|Any CPU
		{88D8EBB0-95E5-4779-9CD5-401BBE5538E8}.Debug|x86.ActiveCfg = Debug|Any CPU
		{88D8EBB0-95E5-4779-9CD5-401BBE5538E8}.Debug|x86.Build.0 = Debug|Any CPU
		{88D8EBB0-95E5-4779-9CD5-401BBE5538E8}.Release|Any CPU.ActiveCfg = Release|Any CPU
		{88D8EBB0-95E5-4779-9CD5-401BBE5538E8}.Release|Any CPU.Build.0 = Release|Any CPU
		{88D8EBB0-95E5-4779-9CD5-401BBE5538E8}.Release|x86.ActiveCfg = Release|Any CPU
		{88D8EBB0-95E5-4779-9CD5-401BBE5538E8}.Release|x86.Build.0 = Release|Any CPU
	EndGlobalSection
	GlobalSection(SolutionProperties) = preSolution
		HideSolutionNode = FALSE
	EndGlobalSection
	GlobalSection(ExtensibilityGlobals) = postSolution
		SolutionGuid = {37E39BA5-9E5A-4603-9C04-11F07251F5C3}
	EndGlobalSection
EndGlobal
